// !$*UTF8*$!
{
	archiveVersion = 1;
	classes = {
	};
	objectVersion = 46;
	objects = {

/* Begin PBXBuildFile section */
		191958A11AF990D5004B82E0 /* AppDelegate.swift in Sources */ = {isa = PBXBuildFile; fileRef = 191958A01AF990D5004B82E0 /* AppDelegate.swift */; };
		191958A31AF990D5004B82E0 /* ViewController.swift in Sources */ = {isa = PBXBuildFile; fileRef = 191958A21AF990D5004B82E0 /* ViewController.swift */; };
		191958A61AF990D5004B82E0 /* Main.storyboard in Resources */ = {isa = PBXBuildFile; fileRef = 191958A41AF990D5004B82E0 /* Main.storyboard */; };
		191958A81AF990D5004B82E0 /* Images.xcassets in Resources */ = {isa = PBXBuildFile; fileRef = 191958A71AF990D5004B82E0 /* Images.xcassets */; };
		191958AB1AF990D5004B82E0 /* LaunchScreen.xib in Resources */ = {isa = PBXBuildFile; fileRef = 191958A91AF990D5004B82E0 /* LaunchScreen.xib */; };
		191958B71AF990D6004B82E0 /* GithubUserSearchTests.swift in Sources */ = {isa = PBXBuildFile; fileRef = 191958B61AF990D6004B82E0 /* GithubUserSearchTests.swift */; };
		191958C11AF99E9E004B82E0 /* User.swift in Sources */ = {isa = PBXBuildFile; fileRef = 191958C01AF99E9E004B82E0 /* User.swift */; };
		191958C31AF9A51B004B82E0 /* GithubUserSearchAPI.swift in Sources */ = {isa = PBXBuildFile; fileRef = 191958C21AF9A51B004B82E0 /* GithubUserSearchAPI.swift */; };
/* End PBXBuildFile section */

/* Begin PBXContainerItemProxy section */
		191958B11AF990D6004B82E0 /* PBXContainerItemProxy */ = {
			isa = PBXContainerItemProxy;
			containerPortal = 191958931AF990D4004B82E0 /* Project object */;
			proxyType = 1;
			remoteGlobalIDString = 1919589A1AF990D5004B82E0;
			remoteInfo = GithubUserSearch;
		};
/* End PBXContainerItemProxy section */

/* Begin PBXFileReference section */
		1919589B1AF990D5004B82E0 /* GithubUserSearch.app */ = {isa = PBXFileReference; explicitFileType = wrapper.application; includeInIndex = 0; path = GithubUserSearch.app; sourceTree = BUILT_PRODUCTS_DIR; };
		1919589F1AF990D5004B82E0 /* Info.plist */ = {isa = PBXFileReference; lastKnownFileType = text.plist.xml; path = Info.plist; sourceTree = "<group>"; };
		191958A01AF990D5004B82E0 /* AppDelegate.swift */ = {isa = PBXFileReference; lastKnownFileType = sourcecode.swift; path = AppDelegate.swift; sourceTree = "<group>"; };
		191958A21AF990D5004B82E0 /* ViewController.swift */ = {isa = PBXFileReference; lastKnownFileType = sourcecode.swift; path = ViewController.swift; sourceTree = "<group>"; };
		191958A51AF990D5004B82E0 /* Base */ = {isa = PBXFileReference; lastKnownFileType = file.storyboard; name = Base; path = Base.lproj/Main.storyboard; sourceTree = "<group>"; };
		191958A71AF990D5004B82E0 /* Images.xcassets */ = {isa = PBXFileReference; lastKnownFileType = folder.assetcatalog; path = Images.xcassets; sourceTree = "<group>"; };
		191958AA1AF990D5004B82E0 /* Base */ = {isa = PBXFileReference; lastKnownFileType = file.xib; name = Base; path = Base.lproj/LaunchScreen.xib; sourceTree = "<group>"; };
		191958B01AF990D6004B82E0 /* GithubUserSearchTests.xctest */ = {isa = PBXFileReference; explicitFileType = wrapper.cfbundle; includeInIndex = 0; path = GithubUserSearchTests.xctest; sourceTree = BUILT_PRODUCTS_DIR; };
		191958B51AF990D6004B82E0 /* Info.plist */ = {isa = PBXFileReference; lastKnownFileType = text.plist.xml; path = Info.plist; sourceTree = "<group>"; };
		191958B61AF990D6004B82E0 /* GithubUserSearchTests.swift */ = {isa = PBXFileReference; lastKnownFileType = sourcecode.swift; path = GithubUserSearchTests.swift; sourceTree = "<group>"; };
		191958C01AF99E9E004B82E0 /* User.swift */ = {isa = PBXFileReference; fileEncoding = 4; lastKnownFileType = sourcecode.swift; path = User.swift; sourceTree = "<group>"; };
		191958C21AF9A51B004B82E0 /* GithubUserSearchAPI.swift */ = {isa = PBXFileReference; fileEncoding = 4; lastKnownFileType = sourcecode.swift; path = GithubUserSearchAPI.swift; sourceTree = "<group>"; };
/* End PBXFileReference section */

/* Begin PBXFrameworksBuildPhase section */
		191958981AF990D5004B82E0 /* Frameworks */ = {
			isa = PBXFrameworksBuildPhase;
			buildActionMask = 2147483647;
			files = (
			);
			runOnlyForDeploymentPostprocessing = 0;
		};
		191958AD1AF990D6004B82E0 /* Frameworks */ = {
			isa = PBXFrameworksBuildPhase;
			buildActionMask = 2147483647;
			files = (
			);
			runOnlyForDeploymentPostprocessing = 0;
		};
/* End PBXFrameworksBuildPhase section */

/* Begin PBXGroup section */
		191958921AF990D4004B82E0 = {
			isa = PBXGroup;
			children = (
				1919589D1AF990D5004B82E0 /* GithubUserSearch */,
				191958B31AF990D6004B82E0 /* GithubUserSearchTests */,
				1919589C1AF990D5004B82E0 /* Products */,
			);
			sourceTree = "<group>";
		};
		1919589C1AF990D5004B82E0 /* Products */ = {
			isa = PBXGroup;
			children = (
				1919589B1AF990D5004B82E0 /* GithubUserSearch.app */,
				191958B01AF990D6004B82E0 /* GithubUserSearchTests.xctest */,
			);
			name = Products;
			sourceTree = "<group>";
		};
		1919589D1AF990D5004B82E0 /* GithubUserSearch */ = {
			isa = PBXGroup;
			children = (
				191958A01AF990D5004B82E0 /* AppDelegate.swift */,
				191958A21AF990D5004B82E0 /* ViewController.swift */,
				191958C21AF9A51B004B82E0 /* GithubUserSearchAPI.swift */,
				191958C01AF99E9E004B82E0 /* User.swift */,
				191958A41AF990D5004B82E0 /* Main.storyboard */,
				191958A71AF990D5004B82E0 /* Images.xcassets */,
				191958A91AF990D5004B82E0 /* LaunchScreen.xib */,
				1919589E1AF990D5004B82E0 /* Supporting Files */,
			);
			path = GithubUserSearch;
			sourceTree = "<group>";
		};
		1919589E1AF990D5004B82E0 /* Supporting Files */ = {
			isa = PBXGroup;
			children = (
				1919589F1AF990D5004B82E0 /* Info.plist */,
			);
			name = "Supporting Files";
			sourceTree = "<group>";
		};
		191958B31AF990D6004B82E0 /* GithubUserSearchTests */ = {
			isa = PBXGroup;
			children = (
				191958B61AF990D6004B82E0 /* GithubUserSearchTests.swift */,
				191958B41AF990D6004B82E0 /* Supporting Files */,
			);
			path = GithubUserSearchTests;
			sourceTree = "<group>";
		};
		191958B41AF990D6004B82E0 /* Supporting Files */ = {
			isa = PBXGroup;
			children = (
				191958B51AF990D6004B82E0 /* Info.plist */,
			);
			name = "Supporting Files";
			sourceTree = "<group>";
		};
/* End PBXGroup section */

/* Begin PBXNativeTarget section */
		1919589A1AF990D5004B82E0 /* GithubUserSearch */ = {
			isa = PBXNativeTarget;
			buildConfigurationList = 191958BA1AF990D6004B82E0 /* Build configuration list for PBXNativeTarget "GithubUserSearch" */;
			buildPhases = (
				191958971AF990D5004B82E0 /* Sources */,
				191958981AF990D5004B82E0 /* Frameworks */,
				191958991AF990D5004B82E0 /* Resources */,
			);
			buildRules = (
			);
			dependencies = (
			);
			name = GithubUserSearch;
			productName = GithubUserSearch;
			productReference = 1919589B1AF990D5004B82E0 /* GithubUserSearch.app */;
			productType = "com.apple.product-type.application";
		};
		191958AF1AF990D6004B82E0 /* GithubUserSearchTests */ = {
			isa = PBXNativeTarget;
			buildConfigurationList = 191958BD1AF990D6004B82E0 /* Build configuration list for PBXNativeTarget "GithubUserSearchTests" */;
			buildPhases = (
				191958AC1AF990D6004B82E0 /* Sources */,
				191958AD1AF990D6004B82E0 /* Frameworks */,
				191958AE1AF990D6004B82E0 /* Resources */,
			);
			buildRules = (
			);
			dependencies = (
				191958B21AF990D6004B82E0 /* PBXTargetDependency */,
			);
			name = GithubUserSearchTests;
			productName = GithubUserSearchTests;
			productReference = 191958B01AF990D6004B82E0 /* GithubUserSearchTests.xctest */;
			productType = "com.apple.product-type.bundle.unit-test";
		};
/* End PBXNativeTarget section */

/* Begin PBXProject section */
		191958931AF990D4004B82E0 /* Project object */ = {
			isa = PBXProject;
			attributes = {
				LastUpgradeCheck = 0630;
				ORGANIZATIONNAME = "Kohei Arai";
				TargetAttributes = {
					1919589A1AF990D5004B82E0 = {
						CreatedOnToolsVersion = 6.3.1;
					};
					191958AF1AF990D6004B82E0 = {
						CreatedOnToolsVersion = 6.3.1;
						TestTargetID = 1919589A1AF990D5004B82E0;
					};
				};
			};
			buildConfigurationList = 191958961AF990D4004B82E0 /* Build configuration list for PBXProject "GithubUserSearch" */;
			compatibilityVersion = "Xcode 3.2";
			developmentRegion = English;
			hasScannedForEncodings = 0;
			knownRegions = (
				en,
				Base,
			);
			mainGroup = 191958921AF990D4004B82E0;
			productRefGroup = 1919589C1AF990D5004B82E0 /* Products */;
			projectDirPath = "";
			projectRoot = "";
			targets = (
				1919589A1AF990D5004B82E0 /* GithubUserSearch */,
				191958AF1AF990D6004B82E0 /* GithubUserSearchTests */,
			);
		};
/* End PBXProject section */

/* Begin PBXResourcesBuildPhase section */
		191958991AF990D5004B82E0 /* Resources */ = {
			isa = PBXResourcesBuildPhase;
			buildActionMask = 2147483647;
			files = (
				191958A61AF990D5004B82E0 /* Main.storyboard in Resources */,
				191958AB1AF990D5004B82E0 /* LaunchScreen.xib in Resources */,
				191958A81AF990D5004B82E0 /* Images.xcassets in Resources */,
			);
			runOnlyForDeploymentPostprocessing = 0;
		};
		191958AE1AF990D6004B82E0 /* Resources */ = {
			isa = PBXResourcesBuildPhase;
			buildActionMask = 2147483647;
			files = (
			);
			runOnlyForDeploymentPostprocessing = 0;
		};
/* End PBXResourcesBuildPhase section */

/* Begin PBXSourcesBuildPhase section */
		191958971AF990D5004B82E0 /* Sources */ = {
			isa = PBXSourcesBuildPhase;
			buildActionMask = 2147483647;
			files = (
				191958A31AF990D5004B82E0 /* ViewController.swift in Sources */,
				191958A11AF990D5004B82E0 /* AppDelegate.swift in Sources */,
				191958C31AF9A51B004B82E0 /* GithubUserSearchAPI.swift in Sources */,
				191958C11AF99E9E004B82E0 /* User.swift in Sources */,
			);
			runOnlyForDeploymentPostprocessing = 0;
		};
		191958AC1AF990D6004B82E0 /* Sources */ = {
			isa = PBXSourcesBuildPhase;
			buildActionMask = 2147483647;
			files = (
				191958B71AF990D6004B82E0 /* GithubUserSearchTests.swift in Sources */,
			);
			runOnlyForDeploymentPostprocessing = 0;
		};
/* End PBXSourcesBuildPhase section */

/* Begin PBXTargetDependency section */
		191958B21AF990D6004B82E0 /* PBXTargetDependency */ = {
			isa = PBXTargetDependency;
			target = 1919589A1AF990D5004B82E0 /* GithubUserSearch */;
			targetProxy = 191958B11AF990D6004B82E0 /* PBXContainerItemProxy */;
		};
/* End PBXTargetDependency section */

/* Begin PBXVariantGroup section */
		191958A41AF990D5004B82E0 /* Main.storyboard */ = {
			isa = PBXVariantGroup;
			children = (
				191958A51AF990D5004B82E0 /* Base */,
			);
			name = Main.storyboard;
			sourceTree = "<group>";
		};
		191958A91AF990D5004B82E0 /* LaunchScreen.xib */ = {
			isa = PBXVariantGroup;
			children = (
				191958AA1AF990D5004B82E0 /* Base */,
			);
			name = LaunchScreen.xib;
			sourceTree = "<group>";
		};
/* End PBXVariantGroup section */

/* Begin XCBuildConfiguration section */
		191958B81AF990D6004B82E0 /* Debug */ = {
			isa = XCBuildConfiguration;
			buildSettings = {
				ALWAYS_SEARCH_USER_PATHS = NO;
				CLANG_CXX_LANGUAGE_STANDARD = "gnu++0x";
				CLANG_CXX_LIBRARY = "libc++";
				CLANG_ENABLE_MODULES = YES;
				CLANG_ENABLE_OBJC_ARC = YES;
				CLANG_WARN_BOOL_CONVERSION = YES;
				CLANG_WARN_CONSTANT_CONVERSION = YES;
				CLANG_WARN_DIRECT_OBJC_ISA_USAGE = YES_ERROR;
				CLANG_WARN_EMPTY_BODY = YES;
				CLANG_WARN_ENUM_CONVERSION = YES;
				CLANG_WARN_INT_CONVERSION = YES;
				CLANG_WARN_OBJC_ROOT_CLASS = YES_ERROR;
				CLANG_WARN_UNREACHABLE_CODE = YES;
				CLANG_WARN__DUPLICATE_METHOD_MATCH = YES;
				"CODE_SIGN_IDENTITY[sdk=iphoneos*]" = "iPhone Developer";
				COPY_PHASE_STRIP = NO;
				DEBUG_INFORMATION_FORMAT = "dwarf-with-dsym";
				ENABLE_STRICT_OBJC_MSGSEND = YES;
				GCC_C_LANGUAGE_STANDARD = gnu99;
				GCC_DYNAMIC_NO_PIC = NO;
				GCC_NO_COMMON_BLOCKS = YES;
				GCC_OPTIMIZATION_LEVEL = 0;
				GCC_PREPROCESSOR_DEFINITIONS = (
					"DEBUG=1",
					"$(inherited)",
				);
				GCC_SYMBOLS_PRIVATE_EXTERN = NO;
				GCC_WARN_64_TO_32_BIT_CONVERSION = YES;
				GCC_WARN_ABOUT_RETURN_TYPE = YES_ERROR;
				GCC_WARN_UNDECLARED_SELECTOR = YES;
				GCC_WARN_UNINITIALIZED_AUTOS = YES_AGGRESSIVE;
				GCC_WARN_UNUSED_FUNCTION = YES;
				GCC_WARN_UNUSED_VARIABLE = YES;
				IPHONEOS_DEPLOYMENT_TARGET = 8.3;
				MTL_ENABLE_DEBUG_INFO = YES;
				ONLY_ACTIVE_ARCH = YES;
				SDKROOT = iphoneos;
				SWIFT_OPTIMIZATION_LEVEL = "-Onone";
			};
			name = Debug;
		};
		191958B91AF990D6004B82E0 /* Release */ = {
			isa = XCBuildConfiguration;
			buildSettings = {
				ALWAYS_SEARCH_USER_PATHS = NO;
				CLANG_CXX_LANGUAGE_STANDARD = "gnu++0x";
				CLANG_CXX_LIBRARY = "libc++";
				CLANG_ENABLE_MODULES = YES;
				CLANG_ENABLE_OBJC_ARC = YES;
				CLANG_WARN_BOOL_CONVERSION = YES;
				CLANG_WARN_CONSTANT_CONVERSION = YES;
				CLANG_WARN_DIRECT_OBJC_ISA_USAGE = YES_ERROR;
				CLANG_WARN_EMPTY_BODY = YES;
				CLANG_WARN_ENUM_CONVERSION = YES;
				CLANG_WARN_INT_CONVERSION = YES;
				CLANG_WARN_OBJC_ROOT_CLASS = YES_ERROR;
				CLANG_WARN_UNREACHABLE_CODE = YES;
				CLANG_WARN__DUPLICATE_METHOD_MATCH = YES;
				"CODE_SIGN_IDENTITY[sdk=iphoneos*]" = "iPhone Developer";
				COPY_PHASE_STRIP = NO;
				DEBUG_INFORMATION_FORMAT = "dwarf-with-dsym";
				ENABLE_NS_ASSERTIONS = NO;
				ENABLE_STRICT_OBJC_MSGSEND = YES;
				GCC_C_LANGUAGE_STANDARD = gnu99;
				GCC_NO_COMMON_BLOCKS = YES;
				GCC_WARN_64_TO_32_BIT_CONVERSION = YES;
				GCC_WARN_ABOUT_RETURN_TYPE = YES_ERROR;
				GCC_WARN_UNDECLARED_SELECTOR = YES;
				GCC_WARN_UNINITIALIZED_AUTOS = YES_AGGRESSIVE;
				GCC_WARN_UNUSED_FUNCTION = YES;
				GCC_WARN_UNUSED_VARIABLE = YES;
				IPHONEOS_DEPLOYMENT_TARGET = 8.3;
				MTL_ENABLE_DEBUG_INFO = NO;
				SDKROOT = iphoneos;
				VALIDATE_PRODUCT = YES;
			};
			name = Release;
		};
		191958BB1AF990D6004B82E0 /* Debug */ = {
			isa = XCBuildConfiguration;
			buildSettings = {
				ASSETCATALOG_COMPILER_APPICON_NAME = AppIcon;
				INFOPLIST_FILE = GithubUserSearch/Info.plist;
				LD_RUNPATH_SEARCH_PATHS = "$(inherited) @executable_path/Frameworks";
				PRODUCT_NAME = "$(TARGET_NAME)";
			};
			name = Debug;
		};
		191958BC1AF990D6004B82E0 /* Release */ = {
			isa = XCBuildConfiguration;
			buildSettings = {
				ASSETCATALOG_COMPILER_APPICON_NAME = AppIcon;
				INFOPLIST_FILE = GithubUserSearch/Info.plist;
				LD_RUNPATH_SEARCH_PATHS = "$(inherited) @executable_path/Frameworks";
				PRODUCT_NAME = "$(TARGET_NAME)";
			};
			name = Release;
		};
		191958BE1AF990D6004B82E0 /* Debug */ = {
			isa = XCBuildConfiguration;
			buildSettings = {
				BUNDLE_LOADER = "$(TEST_HOST)";
				FRAMEWORK_SEARCH_PATHS = (
					"$(SDKROOT)/Developer/Library/Frameworks",
					"$(inherited)",
				);
				GCC_PREPROCESSOR_DEFINITIONS = (
					"DEBUG=1",
					"$(inherited)",
				);
				INFOPLIST_FILE = GithubUserSearchTests/Info.plist;
				LD_RUNPATH_SEARCH_PATHS = "$(inherited) @executable_path/Frameworks @loader_path/Frameworks";
				PRODUCT_NAME = "$(TARGET_NAME)";
				TEST_HOST = "$(BUILT_PRODUCTS_DIR)/GithubUserSearch.app/GithubUserSearch";
			};
			name = Debug;
		};
		191958BF1AF990D6004B82E0 /* Release */ = {
			isa = XCBuildConfiguration;
			buildSettings = {
				BUNDLE_LOADER = "$(TEST_HOST)";
				FRAMEWORK_SEARCH_PATHS = (
					"$(SDKROOT)/Developer/Library/Frameworks",
					"$(inherited)",
				);
				INFOPLIST_FILE = GithubUserSearchTests/Info.plist;
				LD_RUNPATH_SEARCH_PATHS = "$(inherited) @executable_path/Frameworks @loader_path/Frameworks";
				PRODUCT_NAME = "$(TARGET_NAME)";
				TEST_HOST = "$(BUILT_PRODUCTS_DIR)/GithubUserSearch.app/GithubUserSearch";
			};
			name = Release;
		};
/* End XCBuildConfiguration section */

/* Begin XCConfigurationList section */
		191958961AF990D4004B82E0 /* Build configuration list for PBXProject "GithubUserSearch" */ = {
			isa = XCConfigurationList;
			buildConfigurations = (
				191958B81AF990D6004B82E0 /* Debug */,
				191958B91AF990D6004B82E0 /* Release */,
			);
			defaultConfigurationIsVisible = 0;
			defaultConfigurationName = Release;
		};
		191958BA1AF990D6004B82E0 /* Build configuration list for PBXNativeTarget "GithubUserSearch" */ = {
			isa = XCConfigurationList;
			buildConfigurations = (
				191958BB1AF990D6004B82E0 /* Debug */,
				191958BC1AF990D6004B82E0 /* Release */,
			);
			defaultConfigurationIsVisible = 0;
		};
		191958BD1AF990D6004B82E0 /* Build configuration list for PBXNativeTarget "GithubUserSearchTests" */ = {
			isa = XCConfigurationList;
			buildConfigurations = (
				191958BE1AF990D6004B82E0 /* Debug */,
				191958BF1AF990D6004B82E0 /* Release */,
			);
			defaultConfigurationIsVisible = 0;
		};
/* End XCConfigurationList section */
	};
	rootObject = 191958931AF990D4004B82E0 /* Project object */;
}
